
Microsoft Visual Studio Solution File, Format Version 12.00
# Visual Studio 15
VisualStudioVersion = 15.0.27428.2037
MinimumVisualStudioVersion = 10.0.40219.1
Project("{9A19103F-16F7-4668-BE54-9A1E7A4F7556}") = "ModelLibrary", "3rdSemesterMandatoryAssignment\ModelLibrary.csproj", "{44F792AF-80C0-4069-8766-52AABF25E8AB}"
EndProject
Project("{9A19103F-16F7-4668-BE54-9A1E7A4F7556}") = "MSModelLibraryTest", "MSModelLibraryTest\MSModelLibraryTest.csproj", "{2BF8144E-4323-48B8-871D-145A846A7A15}"
EndProject
Project("{9A19103F-16F7-4668-BE54-9A1E7A4F7556}") = "TCPServer", "TCPServer\TCPServer.csproj", "{80665804-4771-4221-9B56-F4F905E8CBE2}"
EndProject
Project("{FAE04EC0-301F-11D3-BF4B-00C04F79EFBC}") = "TCPClient", "TCPClient\TCPClient.csproj", "{7D72B572-FC3B-4A6E-9F70-C8E099066E36}"
EndProject
Global
	GlobalSection(SolutionConfigurationPlatforms) = preSolution
		Debug|Any CPU = Debug|Any CPU
		Release|Any CPU = Release|Any CPU
	EndGlobalSection
	GlobalSection(ProjectConfigurationPlatforms) = postSolution
		{44F792AF-80C0-4069-8766-52AABF25E8AB}.Debug|Any CPU.ActiveCfg = Debug|Any CPU
		{44F792AF-80C0-4069-8766-52AABF25E8AB}.Debug|Any CPU.Build.0 = Debug|Any CPU
		{44F792AF-80C0-4069-8766-52AABF25E8AB}.Release|Any CPU.ActiveCfg = Release|Any CPU
		{44F792AF-80C0-4069-8766-52AABF25E8AB}.Release|Any CPU.Build.0 = Release|Any CPU
		{2BF8144E-4323-48B8-871D-145A846A7A15}.Debug|Any CPU.ActiveCfg = Debug|Any CPU
		{2BF8144E-4323-48B8-871D-145A846A7A15}.Debug|Any CPU.Build.0 = Debug|Any CPU
		{2BF8144E-4323-48B8-871D-145A846A7A15}.Release|Any CPU.ActiveCfg = Release|Any CPU
		{2BF8144E-4323-48B8-871D-145A846A7A15}.Release|Any CPU.Build.0 = Release|Any CPU
		{80665804-4771-4221-9B56-F4F905E8CBE2}.Debug|Any CPU.ActiveCfg = Debug|Any CPU
		{80665804-4771-4221-9B56-F4F905E8CBE2}.Debug|Any CPU.Build.0 = Debug|Any CPU
		{80665804-4771-4221-9B56-F4F905E8CBE2}.Release|Any CPU.ActiveCfg = Release|Any CPU
		{80665804-4771-4221-9B56-F4F905E8CBE2}.Release|Any CPU.Build.0 = Release|Any CPU
		{7D72B572-FC3B-4A6E-9F70-C8E099066E36}.Debug|Any CPU.ActiveCfg = Debug|Any CPU
		{7D72B572-FC3B-4A6E-9F70-C8E099066E36}.Debug|Any CPU.Build.0 = Debug|Any CPU
		{7D72B572-FC3B-4A6E-9F70-C8E099066E36}.Release|Any CPU.ActiveCfg = Release|Any CPU
		{7D72B572-FC3B-4A6E-9F70-C8E099066E36}.Release|Any CPU.Build.0 = Release|Any CPU
	EndGlobalSection
	GlobalSection(SolutionProperties) = preSolution
		HideSolutionNode = FALSE
	EndGlobalSection
	GlobalSection(ExtensibilityGlobals) = postSolution
		SolutionGuid = {3042BC1B-FB83-4CFD-914C-D572001FFBDB}
	EndGlobalSection
EndGlobal
